github.com/blatong/chef-runner v0.9.0 h1:IJzX1aKKZnypPvTYJfYc1K09/hfeXjz0GDcqh238M/4=
github.com/blatong/chef-runner v0.9.0/go.mod h1:pmW4VRezDFdudDDZ3LIE6bHw/p6LM4FxP1Yy1GEuOCA=
github.com/blatong/chef-runner v0.9.1-0.20180317004102-b4c4ab60d3e3 h1:QjmhjE1bCDTSvh9yY6N6OnCDPP1zNjG1gZi1/BXPQb8=
github.com/blatong/chef-runner v0.9.1-0.20180317004102-b4c4ab60d3e3/go.mod h1:pmW4VRezDFdudDDZ3LIE6bHw/p6LM4FxP1Yy1GEuOCA=
github.com/davecgh/go-spew v1.1.0 h1:ZDRjVQ15GmhC3fiQ8ni8+OwkZQO4DARzQgrnXU1Liz8=
github.com/davecgh/go-spew v1.1.0/go.mod h1:J7Y8YcW2NihsgmVo/mv3lAwl/skON4iLHjSsI+c5H38=
github.com/mitchellh/colorstring v0.0.0-20190213212951-d06e56a500db h1:62I3jR2EmQ4l5rM/4FEfDWcRD+abF5XlKShorW5LRoQ=
github.com/mitchellh/colorstring v0.0.0-20190213212951-d06e56a500db/go.mod h1:l0dey0ia/Uv7NcFFVbCLtqEBQbrT4OCwCSKTEv6enCw=
github.com/mlafeldt/chef-runner v0.9.0 h1:nXr8yn5e6eDJ3HcfcaTwe7YtP207MofsFdIy38xRAP4=
github.com/mlafeldt/chef-runner v0.9.0/go.mod h1:FjJ9e1+1y0gBgb7uQdwfDC9WlkpZvuqIs/mFU3+iTeQ=
github.com/pmezard/go-difflib v1.0.0 h1:4DBwDE0NGyQoBHbLQYPwSUPoCMWR5BEzIk/f1lZbAQM=
github.com/pmezard/go-difflib v1.0.0/go.mod h1:iKH77koFhYxTK1pcRnkKkqfTogsbg7gZNVY4sRDYZ/4=
github.com/stretchr/objx v0.1.0/go.mod h1:HFkY916IF+rwdDfMAkV7OtwuqBVzrE8GR6GFx+wExME=
github.com/stretchr/testify v1.4.0 h1:2E4SXV/wtOkTonXsotYi4li6zVWxYlZuYNCXe9XRJyk=
github.com/stretchr/testify v1.4.0/go.mod h1:j7eGeouHqKxXV5pUuKE4zz7dFj8WfuZ+81PSLYec5m4=
gopkg.in/check.v1 v0.0.0-20161208181325-20d25e280405/go.mod h1:Co6ibVJAznAaIkqp8huTwlJQCZ016jof/cbN4VW5Yz0=
gopkg.in/yaml.v2 v2.2.2 h1:ZCJp+EgiOT7lHqUV2J862kp8Qj64Jo6az82+3Td9dZw=
gopkg.in/yaml.v2 v2.2.2/go.mod h1:hI93XBmqTisBFMUTm0b8Fm+jr3Dg1NNxqwp+5A1VGuI=
